
Microsoft Visual Studio Solution File, Format Version 12.00
# Visual Studio Version 16
VisualStudioVersion = 16.0.31019.35
MinimumVisualStudioVersion = 10.0.40219.1
Project("{9A19103F-16F7-4668-BE54-9A1E7A4F7556}") = "Cheapshot.Experience", "Cheapshot.Experience\Cheapshot.Experience.csproj", "{01542C65-D1B6-46A8-9C29-59015A7B3529}"
EndProject
Project("{9A19103F-16F7-4668-BE54-9A1E7A4F7556}") = "Cheapshot.Exprience.Data", "Cheapshot.Exprience.Data\Cheapshot.Exprience.Data.csproj", "{97EAE615-36C5-42C1-AF5C-9F74ABA2E162}"
EndProject
Project("{FAE04EC0-301F-11D3-BF4B-00C04F79EFBC}") = "Cheapshot.Inspector", "Cheapshot.Inspector\Cheapshot.Inspector.csproj", "{FDB47A40-F7A9-49F2-9455-C833C2DCE086}"
EndProject
Global
	GlobalSection(SolutionConfigurationPlatforms) = preSolution
		Debug|Any CPU = Debug|Any CPU
		Release|Any CPU = Release|Any CPU
	EndGlobalSection
	GlobalSection(ProjectConfigurationPlatforms) = postSolution
		{01542C65-D1B6-46A8-9C29-59015A7B3529}.Debug|Any CPU.ActiveCfg = Debug|Any CPU
		{01542C65-D1B6-46A8-9C29-59015A7B3529}.Debug|Any CPU.Build.0 = Debug|Any CPU
		{01542C65-D1B6-46A8-9C29-59015A7B3529}.Release|Any CPU.ActiveCfg = Release|Any CPU
		{01542C65-D1B6-46A8-9C29-59015A7B3529}.Release|Any CPU.Build.0 = Release|Any CPU
		{97EAE615-36C5-42C1-AF5C-9F74ABA2E162}.Debug|Any CPU.ActiveCfg = Debug|Any CPU
		{97EAE615-36C5-42C1-AF5C-9F74ABA2E162}.Debug|Any CPU.Build.0 = Debug|Any CPU
		{97EAE615-36C5-42C1-AF5C-9F74ABA2E162}.Release|Any CPU.ActiveCfg = Release|Any CPU
		{97EAE615-36C5-42C1-AF5C-9F74ABA2E162}.Release|Any CPU.Build.0 = Release|Any CPU
		{FDB47A40-F7A9-49F2-9455-C833C2DCE086}.Debug|Any CPU.ActiveCfg = Debug|Any CPU
		{FDB47A40-F7A9-49F2-9455-C833C2DCE086}.Debug|Any CPU.Build.0 = Debug|Any CPU
		{FDB47A40-F7A9-49F2-9455-C833C2DCE086}.Release|Any CPU.ActiveCfg = Release|Any CPU
		{FDB47A40-F7A9-49F2-9455-C833C2DCE086}.Release|Any CPU.Build.0 = Release|Any CPU
	EndGlobalSection
	GlobalSection(SolutionProperties) = preSolution
		HideSolutionNode = FALSE
	EndGlobalSection
	GlobalSection(ExtensibilityGlobals) = postSolution
		SolutionGuid = {AB1B5021-B391-487C-8006-6739ACC70B2C}
	EndGlobalSection
EndGlobal
